
Microsoft Visual Studio Solution File, Format Version 12.00
# Visual Studio 2013
VisualStudioVersion = 12.0.31101.0
MinimumVisualStudioVersion = 10.0.40219.1
Project("{FAE04EC0-301F-11D3-BF4B-00C04F79EFBC}") = "UTF8Converter", "UTF8Converter.csproj", "{0FF3CC21-E281-4602-A6F6-269675D2827C}"
EndProject
Global
	GlobalSection(SolutionConfigurationPlatforms) = preSolution
		Debug|Any CPU = Debug|Any CPU
		Release|Any CPU = Release|Any CPU
	EndGlobalSection
	GlobalSection(ProjectConfigurationPlatforms) = postSolution
		{0FF3CC21-E281-4602-A6F6-269675D2827C}.Debug|Any CPU.ActiveCfg = Debug|Any CPU
		{0FF3CC21-E281-4602-A6F6-269675D2827C}.Debug|Any CPU.Build.0 = Debug|Any CPU
		{0FF3CC21-E281-4602-A6F6-269675D2827C}.Release|Any CPU.ActiveCfg = Release|Any CPU
		{0FF3CC21-E281-4602-A6F6-269675D2827C}.Release|Any CPU.Build.0 = Release|Any CPU
	EndGlobalSection
	GlobalSection(SolutionProperties) = preSolution
		HideSolutionNode = FALSE
	EndGlobalSection
EndGlobal
